
Microsoft Visual Studio Solution File, Format Version 12.00
# Visual Studio Version 17
VisualStudioVersion = 17.3.32519.111
MinimumVisualStudioVersion = 10.0.40219.1
Project("{FAE04EC0-301F-11D3-BF4B-00C04F79EFBC}") = "ClassMetodDemo", "ClassMetodDemo\ClassMetodDemo.csproj", "{408D9A54-7575-4E4A-838C-666F6381ADD8}"
EndProject
Global
	GlobalSection(SolutionConfigurationPlatforms) = preSolution
		Debug|Any CPU = Debug|Any CPU
		Release|Any CPU = Release|Any CPU
	EndGlobalSection
	GlobalSection(ProjectConfigurationPlatforms) = postSolution
		{408D9A54-7575-4E4A-838C-666F6381ADD8}.Debug|Any CPU.ActiveCfg = Debug|Any CPU
		{408D9A54-7575-4E4A-838C-666F6381ADD8}.Debug|Any CPU.Build.0 = Debug|Any CPU
		{408D9A54-7575-4E4A-838C-666F6381ADD8}.Release|Any CPU.ActiveCfg = Release|Any CPU
		{408D9A54-7575-4E4A-838C-666F6381ADD8}.Release|Any CPU.Build.0 = Release|Any CPU
	EndGlobalSection
	GlobalSection(SolutionProperties) = preSolution
		HideSolutionNode = FALSE
	EndGlobalSection
	GlobalSection(ExtensibilityGlobals) = postSolution
		SolutionGuid = {3952921F-E111-4FBB-9488-2ABB37BCF33D}
	EndGlobalSection
EndGlobal
